// !$*UTF8*$!
{
	archiveVersion = 1;
	classes = {
	};
	objectVersion = 46;
	objects = {

/* Begin PBXBuildFile section */
		FA285E2B17F6FC0C0070CA4A /* Foundation.framework in Frameworks */ = {isa = PBXBuildFile; fileRef = FA285E2A17F6FC0C0070CA4A /* Foundation.framework */; };
		FA285E2D17F6FC0C0070CA4A /* CoreGraphics.framework in Frameworks */ = {isa = PBXBuildFile; fileRef = FA285E2C17F6FC0C0070CA4A /* CoreGraphics.framework */; };
		FA285E2F17F6FC0C0070CA4A /* UIKit.framework in Frameworks */ = {isa = PBXBuildFile; fileRef = FA285E2E17F6FC0C0070CA4A /* UIKit.framework */; };
		FA285E3117F6FC0C0070CA4A /* CoreData.framework in Frameworks */ = {isa = PBXBuildFile; fileRef = FA285E3017F6FC0C0070CA4A /* CoreData.framework */; };
		FA285E3717F6FC0C0070CA4A /* InfoPlist.strings in Resources */ = {isa = PBXBuildFile; fileRef = FA285E3517F6FC0C0070CA4A /* InfoPlist.strings */; };
		FA285E3917F6FC0C0070CA4A /* main.m in Sources */ = {isa = PBXBuildFile; fileRef = FA285E3817F6FC0C0070CA4A /* main.m */; };
		FA285E3D17F6FC0C0070CA4A /* AppDelegate.m in Sources */ = {isa = PBXBuildFile; fileRef = FA285E3C17F6FC0C0070CA4A /* AppDelegate.m */; };
		FA285E4017F6FC0C0070CA4A /* Main.storyboard in Resources */ = {isa = PBXBuildFile; fileRef = FA285E3E17F6FC0C0070CA4A /* Main.storyboard */; };
		FA285E4317F6FC0C0070CA4A /* ControllingSource.xcdatamodeld in Sources */ = {isa = PBXBuildFile; fileRef = FA285E4117F6FC0C0070CA4A /* ControllingSource.xcdatamodeld */; };
		FA285E4617F6FC0C0070CA4A /* MasterViewController.m in Sources */ = {isa = PBXBuildFile; fileRef = FA285E4517F6FC0C0070CA4A /* MasterViewController.m */; };
		FA285E4917F6FC0C0070CA4A /* DetailViewController.m in Sources */ = {isa = PBXBuildFile; fileRef = FA285E4817F6FC0C0070CA4A /* DetailViewController.m */; };
		FA285E4B17F6FC0C0070CA4A /* Images.xcassets in Resources */ = {isa = PBXBuildFile; fileRef = FA285E4A17F6FC0C0070CA4A /* Images.xcassets */; };
		FA285E5217F6FC0D0070CA4A /* XCTest.framework in Frameworks */ = {isa = PBXBuildFile; fileRef = FA285E5117F6FC0D0070CA4A /* XCTest.framework */; };
		FA285E5317F6FC0D0070CA4A /* Foundation.framework in Frameworks */ = {isa = PBXBuildFile; fileRef = FA285E2A17F6FC0C0070CA4A /* Foundation.framework */; };
		FA285E5417F6FC0D0070CA4A /* UIKit.framework in Frameworks */ = {isa = PBXBuildFile; fileRef = FA285E2E17F6FC0C0070CA4A /* UIKit.framework */; };
		FA285E5517F6FC0D0070CA4A /* CoreData.framework in Frameworks */ = {isa = PBXBuildFile; fileRef = FA285E3017F6FC0C0070CA4A /* CoreData.framework */; };
		FA285E5D17F6FC0D0070CA4A /* InfoPlist.strings in Resources */ = {isa = PBXBuildFile; fileRef = FA285E5B17F6FC0D0070CA4A /* InfoPlist.strings */; };
		FA285E5F17F6FC0D0070CA4A /* ControllingSourceTests.m in Sources */ = {isa = PBXBuildFile; fileRef = FA285E5E17F6FC0D0070CA4A /* ControllingSourceTests.m */; };
/* End PBXBuildFile section */

/* Begin PBXContainerItemProxy section */
		FA285E5617F6FC0D0070CA4A /* PBXContainerItemProxy */ = {
			isa = PBXContainerItemProxy;
			containerPortal = FA285E1F17F6FC0C0070CA4A /* Project object */;
			proxyType = 1;
			remoteGlobalIDString = FA285E2617F6FC0C0070CA4A;
			remoteInfo = ControllingSource;
		};
/* End PBXContainerItemProxy section */

/* Begin PBXFileReference section */
		FA285E2717F6FC0C0070CA4A /* ControllingSource.app */ = {isa = PBXFileReference; explicitFileType = wrapper.application; includeInIndex = 0; path = ControllingSource.app; sourceTree = BUILT_PRODUCTS_DIR; };
		FA285E2A17F6FC0C0070CA4A /* Foundation.framework */ = {isa = PBXFileReference; lastKnownFileType = wrapper.framework; name = Foundation.framework; path = System/Library/Frameworks/Foundation.framework; sourceTree = SDKROOT; };
		FA285E2C17F6FC0C0070CA4A /* CoreGraphics.framework */ = {isa = PBXFileReference; lastKnownFileType = wrapper.framework; name = CoreGraphics.framework; path = System/Library/Frameworks/CoreGraphics.framework; sourceTree = SDKROOT; };
		FA285E2E17F6FC0C0070CA4A /* UIKit.framework */ = {isa = PBXFileReference; lastKnownFileType = wrapper.framework; name = UIKit.framework; path = System/Library/Frameworks/UIKit.framework; sourceTree = SDKROOT; };
		FA285E3017F6FC0C0070CA4A /* CoreData.framework */ = {isa = PBXFileReference; lastKnownFileType = wrapper.framework; name = CoreData.framework; path = System/Library/Frameworks/CoreData.framework; sourceTree = SDKROOT; };
		FA285E3417F6FC0C0070CA4A /* ControllingSource-Info.plist */ = {isa = PBXFileReference; lastKnownFileType = text.plist.xml; path = "ControllingSource-Info.plist"; sourceTree = "<group>"; };
		FA285E3617F6FC0C0070CA4A /* en */ = {isa = PBXFileReference; lastKnownFileType = text.plist.strings; name = en; path = en.lproj/InfoPlist.strings; sourceTree = "<group>"; };
		FA285E3817F6FC0C0070CA4A /* main.m */ = {isa = PBXFileReference; lastKnownFileType = sourcecode.c.objc; path = main.m; sourceTree = "<group>"; };
		FA285E3A17F6FC0C0070CA4A /* ControllingSource-Prefix.pch */ = {isa = PBXFileReference; lastKnownFileType = sourcecode.c.h; path = "ControllingSource-Prefix.pch"; sourceTree = "<group>"; };
		FA285E3B17F6FC0C0070CA4A /* AppDelegate.h */ = {isa = PBXFileReference; lastKnownFileType = sourcecode.c.h; path = AppDelegate.h; sourceTree = "<group>"; };
		FA285E3C17F6FC0C0070CA4A /* AppDelegate.m */ = {isa = PBXFileReference; lastKnownFileType = sourcecode.c.objc; path = AppDelegate.m; sourceTree = "<group>"; };
		FA285E3F17F6FC0C0070CA4A /* Base */ = {isa = PBXFileReference; lastKnownFileType = file.storyboard; name = Base; path = Base.lproj/Main.storyboard; sourceTree = "<group>"; };
		FA285E4217F6FC0C0070CA4A /* ControllingSource.xcdatamodel */ = {isa = PBXFileReference; lastKnownFileType = wrapper.xcdatamodel; path = ControllingSource.xcdatamodel; sourceTree = "<group>"; };
		FA285E4417F6FC0C0070CA4A /* MasterViewController.h */ = {isa = PBXFileReference; lastKnownFileType = sourcecode.c.h; path = MasterViewController.h; sourceTree = "<group>"; };
		FA285E4517F6FC0C0070CA4A /* MasterViewController.m */ = {isa = PBXFileReference; lastKnownFileType = sourcecode.c.objc; path = MasterViewController.m; sourceTree = "<group>"; };
		FA285E4717F6FC0C0070CA4A /* DetailViewController.h */ = {isa = PBXFileReference; lastKnownFileType = sourcecode.c.h; path = DetailViewController.h; sourceTree = "<group>"; };
		FA285E4817F6FC0C0070CA4A /* DetailViewController.m */ = {isa = PBXFileReference; lastKnownFileType = sourcecode.c.objc; path = DetailViewController.m; sourceTree = "<group>"; };
		FA285E4A17F6FC0C0070CA4A /* Images.xcassets */ = {isa = PBXFileReference; lastKnownFileType = folder.assetcatalog; path = Images.xcassets; sourceTree = "<group>"; };
		FA285E5017F6FC0D0070CA4A /* ControllingSourceTests.xctest */ = {isa = PBXFileReference; explicitFileType = wrapper.cfbundle; includeInIndex = 0; path = ControllingSourceTests.xctest; sourceTree = BUILT_PRODUCTS_DIR; };
		FA285E5117F6FC0D0070CA4A /* XCTest.framework */ = {isa = PBXFileReference; lastKnownFileType = wrapper.framework; name = XCTest.framework; path = Library/Frameworks/XCTest.framework; sourceTree = DEVELOPER_DIR; };
		FA285E5A17F6FC0D0070CA4A /* ControllingSourceTests-Info.plist */ = {isa = PBXFileReference; lastKnownFileType = text.plist.xml; path = "ControllingSourceTests-Info.plist"; sourceTree = "<group>"; };
		FA285E5C17F6FC0D0070CA4A /* en */ = {isa = PBXFileReference; lastKnownFileType = text.plist.strings; name = en; path = en.lproj/InfoPlist.strings; sourceTree = "<group>"; };
		FA285E5E17F6FC0D0070CA4A /* ControllingSourceTests.m */ = {isa = PBXFileReference; lastKnownFileType = sourcecode.c.objc; path = ControllingSourceTests.m; sourceTree = "<group>"; };
/* End PBXFileReference section */

/* Begin PBXFrameworksBuildPhase section */
		FA285E2417F6FC0C0070CA4A /* Frameworks */ = {
			isa = PBXFrameworksBuildPhase;
			buildActionMask = 2147483647;
			files = (
				FA285E2D17F6FC0C0070CA4A /* CoreGraphics.framework in Frameworks */,
				FA285E3117F6FC0C0070CA4A /* CoreData.framework in Frameworks */,
				FA285E2F17F6FC0C0070CA4A /* UIKit.framework in Frameworks */,
				FA285E2B17F6FC0C0070CA4A /* Foundation.framework in Frameworks */,
			);
			runOnlyForDeploymentPostprocessing = 0;
		};
		FA285E4D17F6FC0D0070CA4A /* Frameworks */ = {
			isa = PBXFrameworksBuildPhase;
			buildActionMask = 2147483647;
			files = (
				FA285E5217F6FC0D0070CA4A /* XCTest.framework in Frameworks */,
				FA285E5517F6FC0D0070CA4A /* CoreData.framework in Frameworks */,
				FA285E5417F6FC0D0070CA4A /* UIKit.framework in Frameworks */,
				FA285E5317F6FC0D0070CA4A /* Foundation.framework in Frameworks */,
			);
			runOnlyForDeploymentPostprocessing = 0;
		};
/* End PBXFrameworksBuildPhase section */

/* Begin PBXGroup section */
		FA285E1E17F6FC0C0070CA4A = {
			isa = PBXGroup;
			children = (
				FA285E3217F6FC0C0070CA4A /* ControllingSource */,
				FA285E5817F6FC0D0070CA4A /* ControllingSourceTests */,
				FA285E2917F6FC0C0070CA4A /* Frameworks */,
				FA285E2817F6FC0C0070CA4A /* Products */,
			);
			sourceTree = "<group>";
		};
		FA285E2817F6FC0C0070CA4A /* Products */ = {
			isa = PBXGroup;
			children = (
				FA285E2717F6FC0C0070CA4A /* ControllingSource.app */,
				FA285E5017F6FC0D0070CA4A /* ControllingSourceTests.xctest */,
			);
			name = Products;
			sourceTree = "<group>";
		};
		FA285E2917F6FC0C0070CA4A /* Frameworks */ = {
			isa = PBXGroup;
			children = (
				FA285E2A17F6FC0C0070CA4A /* Foundation.framework */,
				FA285E2C17F6FC0C0070CA4A /* CoreGraphics.framework */,
				FA285E2E17F6FC0C0070CA4A /* UIKit.framework */,
				FA285E3017F6FC0C0070CA4A /* CoreData.framework */,
				FA285E5117F6FC0D0070CA4A /* XCTest.framework */,
			);
			name = Frameworks;
			sourceTree = "<group>";
		};
		FA285E3217F6FC0C0070CA4A /* ControllingSource */ = {
			isa = PBXGroup;
			children = (
				FA285E3B17F6FC0C0070CA4A /* AppDelegate.h */,
				FA285E3C17F6FC0C0070CA4A /* AppDelegate.m */,
				FA285E3E17F6FC0C0070CA4A /* Main.storyboard */,
				FAFB2B6A17F7006700A8F1F4 /* View Controllers */,
				FA285E4A17F6FC0C0070CA4A /* Images.xcassets */,
				FA285E4117F6FC0C0070CA4A /* ControllingSource.xcdatamodeld */,
				FA285E3317F6FC0C0070CA4A /* Supporting Files */,
			);
			path = ControllingSource;
			sourceTree = "<group>";
		};
		FA285E3317F6FC0C0070CA4A /* Supporting Files */ = {
			isa = PBXGroup;
			children = (
				FA285E3417F6FC0C0070CA4A /* ControllingSource-Info.plist */,
				FA285E3517F6FC0C0070CA4A /* InfoPlist.strings */,
				FA285E3817F6FC0C0070CA4A /* main.m */,
				FA285E3A17F6FC0C0070CA4A /* ControllingSource-Prefix.pch */,
			);
			name = "Supporting Files";
			sourceTree = "<group>";
		};
		FA285E5817F6FC0D0070CA4A /* ControllingSourceTests */ = {
			isa = PBXGroup;
			children = (
				FA285E5E17F6FC0D0070CA4A /* ControllingSourceTests.m */,
				FA285E5917F6FC0D0070CA4A /* Supporting Files */,
			);
			path = ControllingSourceTests;
			sourceTree = "<group>";
		};
		FA285E5917F6FC0D0070CA4A /* Supporting Files */ = {
			isa = PBXGroup;
			children = (
				FA285E5A17F6FC0D0070CA4A /* ControllingSourceTests-Info.plist */,
				FA285E5B17F6FC0D0070CA4A /* InfoPlist.strings */,
			);
			name = "Supporting Files";
			sourceTree = "<group>";
		};
		FAFB2B6A17F7006700A8F1F4 /* View Controllers */ = {
			isa = PBXGroup;
			children = (
				FA285E4417F6FC0C0070CA4A /* MasterViewController.h */,
				FA285E4517F6FC0C0070CA4A /* MasterViewController.m */,
				FA285E4717F6FC0C0070CA4A /* DetailViewController.h */,
				FA285E4817F6FC0C0070CA4A /* DetailViewController.m */,
			);
			name = "View Controllers";
			sourceTree = "<group>";
		};
/* End PBXGroup section */

/* Begin PBXNativeTarget section */
		FA285E2617F6FC0C0070CA4A /* ControllingSource */ = {
			isa = PBXNativeTarget;
			buildConfigurationList = FA285E6217F6FC0D0070CA4A /* Build configuration list for PBXNativeTarget "ControllingSource" */;
			buildPhases = (
				FA285E2317F6FC0C0070CA4A /* Sources */,
				FA285E2417F6FC0C0070CA4A /* Frameworks */,
				FA285E2517F6FC0C0070CA4A /* Resources */,
			);
			buildRules = (
			);
			dependencies = (
			);
			name = ControllingSource;
			productName = ControllingSource;
			productReference = FA285E2717F6FC0C0070CA4A /* ControllingSource.app */;
			productType = "com.apple.product-type.application";
		};
		FA285E4F17F6FC0D0070CA4A /* ControllingSourceTests */ = {
			isa = PBXNativeTarget;
			buildConfigurationList = FA285E6517F6FC0D0070CA4A /* Build configuration list for PBXNativeTarget "ControllingSourceTests" */;
			buildPhases = (
				FA285E4C17F6FC0D0070CA4A /* Sources */,
				FA285E4D17F6FC0D0070CA4A /* Frameworks */,
				FA285E4E17F6FC0D0070CA4A /* Resources */,
			);
			buildRules = (
			);
			dependencies = (
				FA285E5717F6FC0D0070CA4A /* PBXTargetDependency */,
			);
			name = ControllingSourceTests;
			productName = ControllingSourceTests;
			productReference = FA285E5017F6FC0D0070CA4A /* ControllingSourceTests.xctest */;
			productType = "com.apple.product-type.bundle.unit-test";
		};
/* End PBXNativeTarget section */

/* Begin PBXProject section */
		FA285E1F17F6FC0C0070CA4A /* Project object */ = {
			isa = PBXProject;
			attributes = {
				LastUpgradeCheck = 0500;
				ORGANIZATIONNAME = "Felix Angel Abalia";
				TargetAttributes = {
					FA285E4F17F6FC0D0070CA4A = {
						TestTargetID = FA285E2617F6FC0C0070CA4A;
					};
				};
			};
			buildConfigurationList = FA285E2217F6FC0C0070CA4A /* Build configuration list for PBXProject "ControllingSource" */;
			compatibilityVersion = "Xcode 3.2";
			developmentRegion = English;
			hasScannedForEncodings = 0;
			knownRegions = (
				en,
				Base,
			);
			mainGroup = FA285E1E17F6FC0C0070CA4A;
			productRefGroup = FA285E2817F6FC0C0070CA4A /* Products */;
			projectDirPath = "";
			projectRoot = "";
			targets = (
				FA285E2617F6FC0C0070CA4A /* ControllingSource */,
				FA285E4F17F6FC0D0070CA4A /* ControllingSourceTests */,
			);
		};
/* End PBXProject section */

/* Begin PBXResourcesBuildPhase section */
		FA285E2517F6FC0C0070CA4A /* Resources */ = {
			isa = PBXResourcesBuildPhase;
			buildActionMask = 2147483647;
			files = (
				FA285E4B17F6FC0C0070CA4A /* Images.xcassets in Resources */,
				FA285E3717F6FC0C0070CA4A /* InfoPlist.strings in Resources */,
				FA285E4017F6FC0C0070CA4A /* Main.storyboard in Resources */,
			);
			runOnlyForDeploymentPostprocessing = 0;
		};
		FA285E4E17F6FC0D0070CA4A /* Resources */ = {
			isa = PBXResourcesBuildPhase;
			buildActionMask = 2147483647;
			files = (
				FA285E5D17F6FC0D0070CA4A /* InfoPlist.strings in Resources */,
			);
			runOnlyForDeploymentPostprocessing = 0;
		};
/* End PBXResourcesBuildPhase section */

/* Begin PBXSourcesBuildPhase section */
		FA285E2317F6FC0C0070CA4A /* Sources */ = {
			isa = PBXSourcesBuildPhase;
			buildActionMask = 2147483647;
			files = (
				FA285E4917F6FC0C0070CA4A /* DetailViewController.m in Sources */,
				FA285E4617F6FC0C0070CA4A /* MasterViewController.m in Sources */,
				FA285E4317F6FC0C0070CA4A /* ControllingSource.xcdatamodeld in Sources */,
				FA285E3D17F6FC0C0070CA4A /* AppDelegate.m in Sources */,
				FA285E3917F6FC0C0070CA4A /* main.m in Sources */,
			);
			runOnlyForDeploymentPostprocessing = 0;
		};
		FA285E4C17F6FC0D0070CA4A /* Sources */ = {
			isa = PBXSourcesBuildPhase;
			buildActionMask = 2147483647;
			files = (
				FA285E5F17F6FC0D0070CA4A /* ControllingSourceTests.m in Sources */,
			);
			runOnlyForDeploymentPostprocessing = 0;
		};
/* End PBXSourcesBuildPhase section */

/* Begin PBXTargetDependency section */
		FA285E5717F6FC0D0070CA4A /* PBXTargetDependency */ = {
			isa = PBXTargetDependency;
			target = FA285E2617F6FC0C0070CA4A /* ControllingSource */;
			targetProxy = FA285E5617F6FC0D0070CA4A /* PBXContainerItemProxy */;
		};
/* End PBXTargetDependency section */

/* Begin PBXVariantGroup section */
		FA285E3517F6FC0C0070CA4A /* InfoPlist.strings */ = {
			isa = PBXVariantGroup;
			children = (
				FA285E3617F6FC0C0070CA4A /* en */,
			);
			name = InfoPlist.strings;
			sourceTree = "<group>";
		};
		FA285E3E17F6FC0C0070CA4A /* Main.storyboard */ = {
			isa = PBXVariantGroup;
			children = (
				FA285E3F17F6FC0C0070CA4A /* Base */,
			);
			name = Main.storyboard;
			sourceTree = "<group>";
		};
		FA285E5B17F6FC0D0070CA4A /* InfoPlist.strings */ = {
			isa = PBXVariantGroup;
			children = (
				FA285E5C17F6FC0D0070CA4A /* en */,
			);
			name = InfoPlist.strings;
			sourceTree = "<group>";
		};
/* End PBXVariantGroup section */

/* Begin XCBuildConfiguration section */
		FA285E6017F6FC0D0070CA4A /* Debug */ = {
			isa = XCBuildConfiguration;
			buildSettings = {
				ALWAYS_SEARCH_USER_PATHS = NO;
				ARCHS = "$(ARCHS_STANDARD_INCLUDING_64_BIT)";
				CLANG_CXX_LANGUAGE_STANDARD = "gnu++0x";
				CLANG_CXX_LIBRARY = "libc++";
				CLANG_ENABLE_MODULES = YES;
				CLANG_ENABLE_OBJC_ARC = YES;
				CLANG_WARN_BOOL_CONVERSION = YES;
				CLANG_WARN_CONSTANT_CONVERSION = YES;
				CLANG_WARN_DIRECT_OBJC_ISA_USAGE = YES_ERROR;
				CLANG_WARN_EMPTY_BODY = YES;
				CLANG_WARN_ENUM_CONVERSION = YES;
				CLANG_WARN_INT_CONVERSION = YES;
				CLANG_WARN_OBJC_ROOT_CLASS = YES_ERROR;
				CLANG_WARN__DUPLICATE_METHOD_MATCH = YES;
				"CODE_SIGN_IDENTITY[sdk=iphoneos*]" = "iPhone Developer";
				COPY_PHASE_STRIP = NO;
				GCC_C_LANGUAGE_STANDARD = gnu99;
				GCC_DYNAMIC_NO_PIC = NO;
				GCC_OPTIMIZATION_LEVEL = 0;
				GCC_PREPROCESSOR_DEFINITIONS = (
					"DEBUG=1",
					"$(inherited)",
				);
				GCC_SYMBOLS_PRIVATE_EXTERN = NO;
				GCC_WARN_64_TO_32_BIT_CONVERSION = YES;
				GCC_WARN_ABOUT_RETURN_TYPE = YES_ERROR;
				GCC_WARN_UNDECLARED_SELECTOR = YES;
				GCC_WARN_UNINITIALIZED_AUTOS = YES;
				GCC_WARN_UNUSED_FUNCTION = YES;
				GCC_WARN_UNUSED_VARIABLE = YES;
				IPHONEOS_DEPLOYMENT_TARGET = 7.0;
				ONLY_ACTIVE_ARCH = YES;
				SDKROOT = iphoneos;
			};
			name = Debug;
		};
		FA285E6117F6FC0D0070CA4A /* Release */ = {
			isa = XCBuildConfiguration;
			buildSettings = {
				ALWAYS_SEARCH_USER_PATHS = NO;
				ARCHS = "$(ARCHS_STANDARD_INCLUDING_64_BIT)";
				CLANG_CXX_LANGUAGE_STANDARD = "gnu++0x";
				CLANG_CXX_LIBRARY = "libc++";
				CLANG_ENABLE_MODULES = YES;
				CLANG_ENABLE_OBJC_ARC = YES;
				CLANG_WARN_BOOL_CONVERSION = YES;
				CLANG_WARN_CONSTANT_CONVERSION = YES;
				CLANG_WARN_DIRECT_OBJC_ISA_USAGE = YES_ERROR;
				CLANG_WARN_EMPTY_BODY = YES;
				CLANG_WARN_ENUM_CONVERSION = YES;
				CLANG_WARN_INT_CONVERSION = YES;
				CLANG_WARN_OBJC_ROOT_CLASS = YES_ERROR;
				CLANG_WARN__DUPLICATE_METHOD_MATCH = YES;
				"CODE_SIGN_IDENTITY[sdk=iphoneos*]" = "iPhone Developer";
				COPY_PHASE_STRIP = YES;
				ENABLE_NS_ASSERTIONS = NO;
				GCC_C_LANGUAGE_STANDARD = gnu99;
				GCC_WARN_64_TO_32_BIT_CONVERSION = YES;
				GCC_WARN_ABOUT_RETURN_TYPE = YES_ERROR;
				GCC_WARN_UNDECLARED_SELECTOR = YES;
				GCC_WARN_UNINITIALIZED_AUTOS = YES;
				GCC_WARN_UNUSED_FUNCTION = YES;
				GCC_WARN_UNUSED_VARIABLE = YES;
				IPHONEOS_DEPLOYMENT_TARGET = 7.0;
				SDKROOT = iphoneos;
				VALIDATE_PRODUCT = YES;
			};
			name = Release;
		};
		FA285E6317F6FC0D0070CA4A /* Debug */ = {
			isa = XCBuildConfiguration;
			buildSettings = {
				ASSETCATALOG_COMPILER_APPICON_NAME = AppIcon;
				ASSETCATALOG_COMPILER_LAUNCHIMAGE_NAME = LaunchImage;
				GCC_PRECOMPILE_PREFIX_HEADER = YES;
				GCC_PREFIX_HEADER = "ControllingSource/ControllingSource-Prefix.pch";
				INFOPLIST_FILE = "ControllingSource/ControllingSource-Info.plist";
				PRODUCT_NAME = "$(TARGET_NAME)";
				WRAPPER_EXTENSION = app;
			};
			name = Debug;
		};
		FA285E6417F6FC0D0070CA4A /* Release */ = {
			isa = XCBuildConfiguration;
			buildSettings = {
				ASSETCATALOG_COMPILER_APPICON_NAME = AppIcon;
				ASSETCATALOG_COMPILER_LAUNCHIMAGE_NAME = LaunchImage;
				GCC_PRECOMPILE_PREFIX_HEADER = YES;
				GCC_PREFIX_HEADER = "ControllingSource/ControllingSource-Prefix.pch";
				INFOPLIST_FILE = "ControllingSource/ControllingSource-Info.plist";
				PRODUCT_NAME = "$(TARGET_NAME)";
				WRAPPER_EXTENSION = app;
			};
			name = Release;
		};
		FA285E6617F6FC0D0070CA4A /* Debug */ = {
			isa = XCBuildConfiguration;
			buildSettings = {
				ARCHS = "$(ARCHS_STANDARD_INCLUDING_64_BIT)";
				BUNDLE_LOADER = "$(BUILT_PRODUCTS_DIR)/ControllingSource.app/ControllingSource";
				FRAMEWORK_SEARCH_PATHS = (
					"$(SDKROOT)/Developer/Library/Frameworks",
					"$(inherited)",
					"$(DEVELOPER_FRAMEWORKS_DIR)",
				);
				GCC_PRECOMPILE_PREFIX_HEADER = YES;
				GCC_PREFIX_HEADER = "ControllingSource/ControllingSource-Prefix.pch";
				GCC_PREPROCESSOR_DEFINITIONS = (
					"DEBUG=1",
					"$(inherited)",
				);
				INFOPLIST_FILE = "ControllingSourceTests/ControllingSourceTests-Info.plist";
				PRODUCT_NAME = "$(TARGET_NAME)";
				TEST_HOST = "$(BUNDLE_LOADER)";
				WRAPPER_EXTENSION = xctest;
			};
			name = Debug;
		};
		FA285E6717F6FC0D0070CA4A /* Release */ = {
			isa = XCBuildConfiguration;
			buildSettings = {
				ARCHS = "$(ARCHS_STANDARD_INCLUDING_64_BIT)";
				BUNDLE_LOADER = "$(BUILT_PRODUCTS_DIR)/ControllingSource.app/ControllingSource";
				FRAMEWORK_SEARCH_PATHS = (
					"$(SDKROOT)/Developer/Library/Frameworks",
					"$(inherited)",
					"$(DEVELOPER_FRAMEWORKS_DIR)",
				);
				GCC_PRECOMPILE_PREFIX_HEADER = YES;
				GCC_PREFIX_HEADER = "ControllingSource/ControllingSource-Prefix.pch";
				INFOPLIST_FILE = "ControllingSourceTests/ControllingSourceTests-Info.plist";
				PRODUCT_NAME = "$(TARGET_NAME)";
				TEST_HOST = "$(BUNDLE_LOADER)";
				WRAPPER_EXTENSION = xctest;
			};
			name = Release;
		};
/* End XCBuildConfiguration section */

/* Begin XCConfigurationList section */
		FA285E2217F6FC0C0070CA4A /* Build configuration list for PBXProject "ControllingSource" */ = {
			isa = XCConfigurationList;
			buildConfigurations = (
				FA285E6017F6FC0D0070CA4A /* Debug */,
				FA285E6117F6FC0D0070CA4A /* Release */,
			);
			defaultConfigurationIsVisible = 0;
			defaultConfigurationName = Release;
		};
		FA285E6217F6FC0D0070CA4A /* Build configuration list for PBXNativeTarget "ControllingSource" */ = {
			isa = XCConfigurationList;
			buildConfigurations = (
				FA285E6317F6FC0D0070CA4A /* Debug */,
				FA285E6417F6FC0D0070CA4A /* Release */,
			);
			defaultConfigurationIsVisible = 0;
			defaultConfigurationName = Release;
		};
		FA285E6517F6FC0D0070CA4A /* Build configuration list for PBXNativeTarget "ControllingSourceTests" */ = {
			isa = XCConfigurationList;
			buildConfigurations = (
				FA285E6617F6FC0D0070CA4A /* Debug */,
				FA285E6717F6FC0D0070CA4A /* Release */,
			);
			defaultConfigurationIsVisible = 0;
			defaultConfigurationName = Release;
		};
/* End XCConfigurationList section */

/* Begin XCVersionGroup section */
		FA285E4117F6FC0C0070CA4A /* ControllingSource.xcdatamodeld */ = {
			isa = XCVersionGroup;
			children = (
				FA285E4217F6FC0C0070CA4A /* ControllingSource.xcdatamodel */,
			);
			currentVersion = FA285E4217F6FC0C0070CA4A /* ControllingSource.xcdatamodel */;
			path = ControllingSource.xcdatamodeld;
			sourceTree = "<group>";
			versionGroupType = wrapper.xcdatamodel;
		};
/* End XCVersionGroup section */
	};
	rootObject = FA285E1F17F6FC0C0070CA4A /* Project object */;
}
